
Microsoft Visual Studio Solution File, Format Version 12.00
# Visual Studio 2013
VisualStudioVersion = 12.0.31101.0
MinimumVisualStudioVersion = 10.0.40219.1
Project("{FAE04EC0-301F-11D3-BF4B-00C04F79EFBC}") = "Veidibokin", "Veidibokin\Veidibokin.csproj", "{0D24469B-0B75-4DCA-9C40-64B7855375E8}"
EndProject
Project("{FAE04EC0-301F-11D3-BF4B-00C04F79EFBC}") = "Veidibokin.Tests", "Veidibokin.Tests\Veidibokin.Tests.csproj", "{EFBE17D3-36B5-47EF-97F8-FA3A5FE560AA}"
EndProject
Global
	GlobalSection(SolutionConfigurationPlatforms) = preSolution
		Debug|Any CPU = Debug|Any CPU
		Release|Any CPU = Release|Any CPU
	EndGlobalSection
	GlobalSection(ProjectConfigurationPlatforms) = postSolution
		{0D24469B-0B75-4DCA-9C40-64B7855375E8}.Debug|Any CPU.ActiveCfg = Debug|Any CPU
		{0D24469B-0B75-4DCA-9C40-64B7855375E8}.Debug|Any CPU.Build.0 = Debug|Any CPU
		{0D24469B-0B75-4DCA-9C40-64B7855375E8}.Release|Any CPU.ActiveCfg = Release|Any CPU
		{0D24469B-0B75-4DCA-9C40-64B7855375E8}.Release|Any CPU.Build.0 = Release|Any CPU
		{EFBE17D3-36B5-47EF-97F8-FA3A5FE560AA}.Debug|Any CPU.ActiveCfg = Debug|Any CPU
		{EFBE17D3-36B5-47EF-97F8-FA3A5FE560AA}.Debug|Any CPU.Build.0 = Debug|Any CPU
		{EFBE17D3-36B5-47EF-97F8-FA3A5FE560AA}.Release|Any CPU.ActiveCfg = Release|Any CPU
		{EFBE17D3-36B5-47EF-97F8-FA3A5FE560AA}.Release|Any CPU.Build.0 = Release|Any CPU
	EndGlobalSection
	GlobalSection(SolutionProperties) = preSolution
		HideSolutionNode = FALSE
	EndGlobalSection
EndGlobal
